
Microsoft Visual Studio Solution File, Format Version 12.00
# Visual Studio Version 17
VisualStudioVersion = 17.1.32421.90
MinimumVisualStudioVersion = 10.0.40219.1
Project("{FAE04EC0-301F-11D3-BF4B-00C04F79EFBC}") = "CustomDovs", "CustomDovs\CustomDovs.csproj", "{C1697649-A1CC-468C-90B5-1B2C89E19D58}"
EndProject
Global
	GlobalSection(SolutionConfigurationPlatforms) = preSolution
		Debug|Any CPU = Debug|Any CPU
		Release|Any CPU = Release|Any CPU
	EndGlobalSection
	GlobalSection(ProjectConfigurationPlatforms) = postSolution
		{C1697649-A1CC-468C-90B5-1B2C89E19D58}.Debug|Any CPU.ActiveCfg = Release|Any CPU
		{C1697649-A1CC-468C-90B5-1B2C89E19D58}.Debug|Any CPU.Build.0 = Release|Any CPU
		{C1697649-A1CC-468C-90B5-1B2C89E19D58}.Release|Any CPU.ActiveCfg = Release|Any CPU
		{C1697649-A1CC-468C-90B5-1B2C89E19D58}.Release|Any CPU.Build.0 = Release|Any CPU
	EndGlobalSection
	GlobalSection(SolutionProperties) = preSolution
		HideSolutionNode = FALSE
	EndGlobalSection
	GlobalSection(ExtensibilityGlobals) = postSolution
		SolutionGuid = {59720B05-3E2E-40F2-864C-52CA142E5D8E}
	EndGlobalSection
EndGlobal
